
Microsoft Visual Studio Solution File, Format Version 12.00
# Visual Studio Version 16
VisualStudioVersion = 16.0.29728.190
MinimumVisualStudioVersion = 10.0.40219.1
Project("{9A19103F-16F7-4668-BE54-9A1E7A4F7556}") = "AggressionScorer", "AggressionScorer\AggressionScorer.csproj", "{1D319C41-EC1A-4D31-B6CC-0C5FB5CF82A1}"
EndProject
Project("{9A19103F-16F7-4668-BE54-9A1E7A4F7556}") = "AggressionAPI", "AggressionAPI\AggressionAPI.csproj", "{A0A92824-60B3-49CB-AB58-BEA5F8068354}"
EndProject
Project("{FAE04EC0-301F-11D3-BF4B-00C04F79EFBC}") = "AggressionScorerModel", "AggressionScorerModel\AggressionScorerModel.csproj", "{3E267E23-5530-4F4A-8466-4826B7058122}"
EndProject
Global
	GlobalSection(SolutionConfigurationPlatforms) = preSolution
		Debug|Any CPU = Debug|Any CPU
		Release|Any CPU = Release|Any CPU
	EndGlobalSection
	GlobalSection(ProjectConfigurationPlatforms) = postSolution
		{1D319C41-EC1A-4D31-B6CC-0C5FB5CF82A1}.Debug|Any CPU.ActiveCfg = Debug|Any CPU
		{1D319C41-EC1A-4D31-B6CC-0C5FB5CF82A1}.Debug|Any CPU.Build.0 = Debug|Any CPU
		{1D319C41-EC1A-4D31-B6CC-0C5FB5CF82A1}.Release|Any CPU.ActiveCfg = Release|Any CPU
		{1D319C41-EC1A-4D31-B6CC-0C5FB5CF82A1}.Release|Any CPU.Build.0 = Release|Any CPU
		{A0A92824-60B3-49CB-AB58-BEA5F8068354}.Debug|Any CPU.ActiveCfg = Debug|Any CPU
		{A0A92824-60B3-49CB-AB58-BEA5F8068354}.Debug|Any CPU.Build.0 = Debug|Any CPU
		{A0A92824-60B3-49CB-AB58-BEA5F8068354}.Release|Any CPU.ActiveCfg = Release|Any CPU
		{A0A92824-60B3-49CB-AB58-BEA5F8068354}.Release|Any CPU.Build.0 = Release|Any CPU
		{3E267E23-5530-4F4A-8466-4826B7058122}.Debug|Any CPU.ActiveCfg = Debug|Any CPU
		{3E267E23-5530-4F4A-8466-4826B7058122}.Debug|Any CPU.Build.0 = Debug|Any CPU
		{3E267E23-5530-4F4A-8466-4826B7058122}.Release|Any CPU.ActiveCfg = Release|Any CPU
		{3E267E23-5530-4F4A-8466-4826B7058122}.Release|Any CPU.Build.0 = Release|Any CPU
	EndGlobalSection
	GlobalSection(SolutionProperties) = preSolution
		HideSolutionNode = FALSE
	EndGlobalSection
	GlobalSection(ExtensibilityGlobals) = postSolution
		SolutionGuid = {4CCB68B4-B5BD-4845-9CC5-73FAA3A7D1A4}
	EndGlobalSection
EndGlobal
